
Microsoft Visual Studio Solution File, Format Version 12.00
# Visual Studio Version 16
VisualStudioVersion = 16.0.31624.102
MinimumVisualStudioVersion = 10.0.40219.1
Project("{FAE04EC0-301F-11D3-BF4B-00C04F79EFBC}") = "DIO.Series", "DIO.Series\DIO.Series.csproj", "{4ACB3307-CB16-4AD4-BCFA-18EF3F1790B9}"
EndProject
Global
	GlobalSection(SolutionConfigurationPlatforms) = preSolution
		Debug|Any CPU = Debug|Any CPU
		Release|Any CPU = Release|Any CPU
	EndGlobalSection
	GlobalSection(ProjectConfigurationPlatforms) = postSolution
		{4ACB3307-CB16-4AD4-BCFA-18EF3F1790B9}.Debug|Any CPU.ActiveCfg = Debug|Any CPU
		{4ACB3307-CB16-4AD4-BCFA-18EF3F1790B9}.Debug|Any CPU.Build.0 = Debug|Any CPU
		{4ACB3307-CB16-4AD4-BCFA-18EF3F1790B9}.Release|Any CPU.ActiveCfg = Release|Any CPU
		{4ACB3307-CB16-4AD4-BCFA-18EF3F1790B9}.Release|Any CPU.Build.0 = Release|Any CPU
	EndGlobalSection
	GlobalSection(SolutionProperties) = preSolution
		HideSolutionNode = FALSE
	EndGlobalSection
	GlobalSection(ExtensibilityGlobals) = postSolution
		SolutionGuid = {E32E26A1-8EC2-436E-BB2D-B8C0725C6C54}
	EndGlobalSection
EndGlobal
